
Microsoft Visual Studio Solution File, Format Version 12.00
# Visual Studio 14
VisualStudioVersion = 14.0.25420.1
MinimumVisualStudioVersion = 10.0.40219.1
Project("{FAE04EC0-301F-11D3-BF4B-00C04F79EFBC}") = "WebApplication", "WebApplication\WebApplication.csproj", "{CEB433D7-712C-4DEC-9E30-B86AFCAA032D}"
EndProject
Project("{FAE04EC0-301F-11D3-BF4B-00C04F79EFBC}") = "Crawler", "Crawler\Crawler.csproj", "{443B6513-665A-4E1F-8393-9986F3227DD8}"
EndProject
Project("{FAE04EC0-301F-11D3-BF4B-00C04F79EFBC}") = "Domain", "Domain\Domain.csproj", "{20BDC47F-E3F9-42D8-94B9-BF98963599C2}"
EndProject
Project("{FAE04EC0-301F-11D3-BF4B-00C04F79EFBC}") = "UnitTests", "UnitTests\UnitTests.csproj", "{CE543DA5-55A8-4166-880C-69CD562C1FD3}"
EndProject
Project("{FAE04EC0-301F-11D3-BF4B-00C04F79EFBC}") = "Storage", "Storage\Storage.csproj", "{DCDF8DCF-528A-45BF-A908-481A843A9E50}"
EndProject
Project("{FAE04EC0-301F-11D3-BF4B-00C04F79EFBC}") = "Folio.Scraper", "Scraper\Folio.Scraper.csproj", "{E02F5BB2-6B9D-41A0-85D7-E31C2518963F}"
EndProject
Global
	GlobalSection(SolutionConfigurationPlatforms) = preSolution
		Debug|Any CPU = Debug|Any CPU
		Release|Any CPU = Release|Any CPU
	EndGlobalSection
	GlobalSection(ProjectConfigurationPlatforms) = postSolution
		{CEB433D7-712C-4DEC-9E30-B86AFCAA032D}.Debug|Any CPU.ActiveCfg = Debug|Any CPU
		{CEB433D7-712C-4DEC-9E30-B86AFCAA032D}.Debug|Any CPU.Build.0 = Debug|Any CPU
		{CEB433D7-712C-4DEC-9E30-B86AFCAA032D}.Release|Any CPU.ActiveCfg = Release|Any CPU
		{CEB433D7-712C-4DEC-9E30-B86AFCAA032D}.Release|Any CPU.Build.0 = Release|Any CPU
		{443B6513-665A-4E1F-8393-9986F3227DD8}.Debug|Any CPU.ActiveCfg = Debug|Any CPU
		{443B6513-665A-4E1F-8393-9986F3227DD8}.Debug|Any CPU.Build.0 = Debug|Any CPU
		{443B6513-665A-4E1F-8393-9986F3227DD8}.Release|Any CPU.ActiveCfg = Release|Any CPU
		{443B6513-665A-4E1F-8393-9986F3227DD8}.Release|Any CPU.Build.0 = Release|Any CPU
		{20BDC47F-E3F9-42D8-94B9-BF98963599C2}.Debug|Any CPU.ActiveCfg = Debug|Any CPU
		{20BDC47F-E3F9-42D8-94B9-BF98963599C2}.Debug|Any CPU.Build.0 = Debug|Any CPU
		{20BDC47F-E3F9-42D8-94B9-BF98963599C2}.Release|Any CPU.ActiveCfg = Release|Any CPU
		{20BDC47F-E3F9-42D8-94B9-BF98963599C2}.Release|Any CPU.Build.0 = Release|Any CPU
		{CE543DA5-55A8-4166-880C-69CD562C1FD3}.Debug|Any CPU.ActiveCfg = Debug|Any CPU
		{CE543DA5-55A8-4166-880C-69CD562C1FD3}.Debug|Any CPU.Build.0 = Debug|Any CPU
		{CE543DA5-55A8-4166-880C-69CD562C1FD3}.Release|Any CPU.ActiveCfg = Release|Any CPU
		{CE543DA5-55A8-4166-880C-69CD562C1FD3}.Release|Any CPU.Build.0 = Release|Any CPU
		{DCDF8DCF-528A-45BF-A908-481A843A9E50}.Debug|Any CPU.ActiveCfg = Debug|Any CPU
		{DCDF8DCF-528A-45BF-A908-481A843A9E50}.Debug|Any CPU.Build.0 = Debug|Any CPU
		{DCDF8DCF-528A-45BF-A908-481A843A9E50}.Release|Any CPU.ActiveCfg = Release|Any CPU
		{DCDF8DCF-528A-45BF-A908-481A843A9E50}.Release|Any CPU.Build.0 = Release|Any CPU
		{E02F5BB2-6B9D-41A0-85D7-E31C2518963F}.Debug|Any CPU.ActiveCfg = Debug|Any CPU
		{E02F5BB2-6B9D-41A0-85D7-E31C2518963F}.Debug|Any CPU.Build.0 = Debug|Any CPU
		{E02F5BB2-6B9D-41A0-85D7-E31C2518963F}.Release|Any CPU.ActiveCfg = Release|Any CPU
		{E02F5BB2-6B9D-41A0-85D7-E31C2518963F}.Release|Any CPU.Build.0 = Release|Any CPU
	EndGlobalSection
	GlobalSection(SolutionProperties) = preSolution
		HideSolutionNode = FALSE
	EndGlobalSection
EndGlobal
